<?xml version="1.0" encoding="utf-8"?>
<Project ToolsVersion="4.0" xmlns="http://schemas.microsoft.com/developer/msbuild/2003">
  <ItemGroup>
    <Filter Include="Source Files">
      <UniqueIdentifier>F84D89EB-09C3-4ED3-957B-010174E0EE69</UniqueIdentifier>
      <Extensions>cpp;c;cc;cxx;c++;cppm;ixx;def;odl;idl;hpj;bat;asm;asmx</Extensions>
    </Filter>
    <Filter Include="Header Files">
      <UniqueIdentifier>5449CBB0-213F-4CC6-A261-D0467DCE42B0</UniqueIdentifier>
      <Extensions>h;hh;hpp;hxx;h++;hm;inl;inc;ipp;xsd</Extensions>
    </Filter>
    <Filter Include="Resource Files">
      <UniqueIdentifier>B9424B82-8A08-485B-864E-1A95DD4BFE64</UniqueIdentifier>
      <Extensions>rc;ico;cur;bmp;dlg;rc2;rct;bin;rgs;gif;jpg;jpeg;jpe;resx;tiff;tif;png;wav;mfcribbon-ms</Extensions>
    </Filter>
  </ItemGroup>
  <ItemGroup>
    <ClCompile Include="AdcHsdinSimul.cpp">
      <Filter>Source Files</Filter>
    </ClCompile>
    <ClCompile Include="Adc.cpp">
      <Filter>Source Files</Filter>
    </ClCompile>
    <ClCompile Include="Hsdin.cpp">
      <Filter>Source Files</Filter>
    </ClCompile>
  </ItemGroup>
  <ItemGroup>
    <ClInclude Include="AdcHsdinSimul.h">
      <Filter>Header Files</Filter>
    </ClInclude>
  </ItemGroup>
</Project>