
Microsoft Visual Studio Solution File, Format Version 12.00
# Visual Studio Version 17
VisualStudioVersion = 17.14.36908.2 d17.14
MinimumVisualStudioVersion = 10.0.40219.1
Project("{8BC9CEB8-8B4A-11D0-8D11-00A0C91BC942}") = "AdcExternalTrigger", "AdcExternalTrigger.vcxproj", "{43C54A6A-D896-DD4E-B6E6-4237DC643FD7}"
EndProject
Global
	GlobalSection(SolutionConfigurationPlatforms) = preSolution
		Debug|x64 = Debug|x64
		Release|x64 = Release|x64
	EndGlobalSection
	GlobalSection(ProjectConfigurationPlatforms) = postSolution
		{43C54A6A-D896-DD4E-B6E6-4237DC643FD7}.Debug|x64.ActiveCfg = Debug|x64
		{43C54A6A-D896-DD4E-B6E6-4237DC643FD7}.Debug|x64.Build.0 = Debug|x64
		{43C54A6A-D896-DD4E-B6E6-4237DC643FD7}.Debug|x64.Deploy.0 = Debug|x64
		{43C54A6A-D896-DD4E-B6E6-4237DC643FD7}.Release|x64.ActiveCfg = Release|x64
		{43C54A6A-D896-DD4E-B6E6-4237DC643FD7}.Release|x64.Build.0 = Release|x64
		{43C54A6A-D896-DD4E-B6E6-4237DC643FD7}.Release|x64.Deploy.0 = Release|x64
	EndGlobalSection
	GlobalSection(SolutionProperties) = preSolution
		HideSolutionNode = FALSE
	EndGlobalSection
	GlobalSection(ExtensibilityGlobals) = postSolution
		SolutionGuid = {FAF9FA0D-D5BB-4DE0-BC3C-2FA0BFE3C5B2}
	EndGlobalSection
EndGlobal
