<?xml version="1.0" encoding="utf-8"?>
<Project ToolsVersion="4.0" xmlns="http://schemas.microsoft.com/developer/msbuild/2003">
  <ItemGroup>
    <Filter Include="Source Files">
      <UniqueIdentifier>0A8A16E4-AE9D-41DD-AB29-03AE04C6D968</UniqueIdentifier>
      <Extensions>cpp;c;cc;cxx;c++;cppm;ixx;def;odl;idl;hpj;bat;asm;asmx</Extensions>
    </Filter>
    <Filter Include="Header Files">
      <UniqueIdentifier>C31C7C8C-0E0C-4913-87DE-649345AADB64</UniqueIdentifier>
      <Extensions>h;hh;hpp;hxx;h++;hm;inl;inc;ipp;xsd</Extensions>
    </Filter>
    <Filter Include="Resource Files">
      <UniqueIdentifier>E5A8F1AF-C941-4A0A-A167-5A19FB159EB1</UniqueIdentifier>
      <Extensions>rc;ico;cur;bmp;dlg;rc2;rct;bin;rgs;gif;jpg;jpeg;jpe;resx;tiff;tif;png;wav;mfcribbon-ms</Extensions>
    </Filter>
  </ItemGroup>
  <ItemGroup>
    <ClCompile Include="AdcDacSimul.cpp">
      <Filter>Source Files</Filter>
    </ClCompile>
    <ClCompile Include="Adc.cpp">
      <Filter>Source Files</Filter>
    </ClCompile>
    <ClCompile Include="Dac.cpp">
      <Filter>Source Files</Filter>
    </ClCompile>
  </ItemGroup>
  <ItemGroup>
    <ClInclude Include="AdcDacSimul.h">
      <Filter>Header Files</Filter>
    </ClInclude>
  </ItemGroup>
</Project>