
Microsoft Visual Studio Solution File, Format Version 12.00
# Visual Studio Version 17
VisualStudioVersion = 17.14.36908.2 d17.14
MinimumVisualStudioVersion = 10.0.40219.1
Project("{8BC9CEB8-8B4A-11D0-8D11-00A0C91BC942}") = "DioMatch", "DioMatch.vcxproj", "{54324070-1734-D980-2B36-6D5D26CCD0E6}"
EndProject
Global
	GlobalSection(SolutionConfigurationPlatforms) = preSolution
		Debug|x64 = Debug|x64
		Release|x64 = Release|x64
	EndGlobalSection
	GlobalSection(ProjectConfigurationPlatforms) = postSolution
		{54324070-1734-D980-2B36-6D5D26CCD0E6}.Debug|x64.ActiveCfg = Debug|x64
		{54324070-1734-D980-2B36-6D5D26CCD0E6}.Debug|x64.Build.0 = Debug|x64
		{54324070-1734-D980-2B36-6D5D26CCD0E6}.Debug|x64.Deploy.0 = Debug|x64
		{54324070-1734-D980-2B36-6D5D26CCD0E6}.Release|x64.ActiveCfg = Release|x64
		{54324070-1734-D980-2B36-6D5D26CCD0E6}.Release|x64.Build.0 = Release|x64
		{54324070-1734-D980-2B36-6D5D26CCD0E6}.Release|x64.Deploy.0 = Release|x64
	EndGlobalSection
	GlobalSection(SolutionProperties) = preSolution
		HideSolutionNode = FALSE
	EndGlobalSection
	GlobalSection(ExtensibilityGlobals) = postSolution
		SolutionGuid = {E2D0511D-0E63-4259-9A5E-1B242CA75534}
	EndGlobalSection
EndGlobal
